<?xml version="1.0" encoding="utf-8"?>
<Project ToolsVersion="4.0" xmlns="http://schemas.microsoft.com/developer/msbuild/2003">
  <ItemGroup>
    <ClCompile Include="checkBulletCollision.cpp" />
    <ClCompile Include="DialogBox.cpp" />
    <ClCompile Include="loadPlayerDetails.cpp" />
    <ClCompile Include="playerStats.cpp" />
    <ClCompile Include="portalCollision.cpp" />
    <ClCompile Include="collisionManager.cpp" />
    <ClCompile Include="createBullet.cpp" />
    <ClCompile Include="enemy.cpp" />
    <ClCompile Include="fieldOfView.cpp" />
    <ClCompile Include="fireGun.cpp" />
    <ClCompile Include="Framework\console.cpp" />
    <ClCompile Include="Framework\timer.cpp" />
    <ClCompile Include="game.cpp" />
    <ClCompile Include="gameObject.cpp" />
    <ClCompile Include="handleBulletProjectile.cpp" />
    <ClCompile Include="handleEnemyMovement.cpp" />
    <ClCompile Include="lockandUnlock.cpp" />
    <ClCompile Include="main.cpp" />
    <ClCompile Include="MapGenerator.cpp" />
    <ClCompile Include="MenuSections.cpp" />
    <ClCompile Include="FramesManager.cpp" />
    <ClCompile Include="PathfindingAI.cpp" />
    <ClCompile Include="ReadMap.cpp" />
    <ClCompile Include="renderPlayerStatsScreen.cpp" />
    <ClCompile Include="renderPortal.cpp" />
    <ClCompile Include="spawnPortal.cpp" />
    <ClCompile Include="handleStatsScreen.cpp" />
    <ClCompile Include="savePlayerDetails.cpp" />
  </ItemGroup>
  <ItemGroup>
    <ClInclude Include="AnimationManager.h" />
    <ClInclude Include="collisionManager.h" />
    <ClInclude Include="DialogBox.h" />
    <ClInclude Include="enemyProperties.h" />
    <ClInclude Include="fieldOfView.h" />
    <ClInclude Include="Framework\console.h" />
    <ClInclude Include="Framework\timer.h" />
    <ClInclude Include="game.h" />
    <ClInclude Include="gameObject.h" />
    <ClInclude Include="handleStatsScreen.h" />
    <ClInclude Include="HeaderIncludes.h" />
    <ClInclude Include="lockandUnlock.h" />
    <ClInclude Include="MapGenerator.h" />
    <ClInclude Include="MenuSections.h" />
    <ClInclude Include="PathfindingAI.h" />
    <ClInclude Include="playerStats.h" />
    <ClInclude Include="portalGun.h" />
    <ClInclude Include="ReadMap.h" />
    <ClInclude Include="renderPlayerStatsScreen.h" />
    <ClInclude Include="playerDetailsManager.h" />
  </ItemGroup>
</Project>